
Microsoft Visual Studio Solution File, Format Version 12.00
# Visual Studio Version 17
VisualStudioVersion = 17.7.34031.279
MinimumVisualStudioVersion = 10.0.40219.1
Project("{FAE04EC0-301F-11D3-BF4B-00C04F79EFBC}") = "lr 1 3", "lr 1 3.csproj", "{BCA03974-4DD5-48FA-8A14-A8B8EF0E3586}"
EndProject
Global
	GlobalSection(SolutionConfigurationPlatforms) = preSolution
		Debug|Any CPU = Debug|Any CPU
		Release|Any CPU = Release|Any CPU
	EndGlobalSection
	GlobalSection(ProjectConfigurationPlatforms) = postSolution
		{BCA03974-4DD5-48FA-8A14-A8B8EF0E3586}.Debug|Any CPU.ActiveCfg = Debug|Any CPU
		{BCA03974-4DD5-48FA-8A14-A8B8EF0E3586}.Debug|Any CPU.Build.0 = Debug|Any CPU
		{BCA03974-4DD5-48FA-8A14-A8B8EF0E3586}.Release|Any CPU.ActiveCfg = Release|Any CPU
		{BCA03974-4DD5-48FA-8A14-A8B8EF0E3586}.Release|Any CPU.Build.0 = Release|Any CPU
	EndGlobalSection
	GlobalSection(SolutionProperties) = preSolution
		HideSolutionNode = FALSE
	EndGlobalSection
	GlobalSection(ExtensibilityGlobals) = postSolution
		SolutionGuid = {3F90666C-3939-4D5D-903C-19DE519E8319}
	EndGlobalSection
EndGlobal
