
Microsoft Visual Studio Solution File, Format Version 12.00
# Visual Studio Version 17
VisualStudioVersion = 17.14.36429.23 d17.14
MinimumVisualStudioVersion = 10.0.40219.1
Project("{8BC9CEB8-8B4A-11D0-8D11-00A0C91BC942}") = "lr2 z 1", "lr2 z 1\lr2 z 1.vcxproj", "{16791E10-3FA3-4FA1-ABCA-8D123F69744B}"
EndProject
Global
	GlobalSection(SolutionConfigurationPlatforms) = preSolution
		Debug|x64 = Debug|x64
		Debug|x86 = Debug|x86
		Release|x64 = Release|x64
		Release|x86 = Release|x86
	EndGlobalSection
	GlobalSection(ProjectConfigurationPlatforms) = postSolution
		{16791E10-3FA3-4FA1-ABCA-8D123F69744B}.Debug|x64.ActiveCfg = Debug|x64
		{16791E10-3FA3-4FA1-ABCA-8D123F69744B}.Debug|x64.Build.0 = Debug|x64
		{16791E10-3FA3-4FA1-ABCA-8D123F69744B}.Debug|x86.ActiveCfg = Debug|Win32
		{16791E10-3FA3-4FA1-ABCA-8D123F69744B}.Debug|x86.Build.0 = Debug|Win32
		{16791E10-3FA3-4FA1-ABCA-8D123F69744B}.Release|x64.ActiveCfg = Release|x64
		{16791E10-3FA3-4FA1-ABCA-8D123F69744B}.Release|x64.Build.0 = Release|x64
		{16791E10-3FA3-4FA1-ABCA-8D123F69744B}.Release|x86.ActiveCfg = Release|Win32
		{16791E10-3FA3-4FA1-ABCA-8D123F69744B}.Release|x86.Build.0 = Release|Win32
	EndGlobalSection
	GlobalSection(SolutionProperties) = preSolution
		HideSolutionNode = FALSE
	EndGlobalSection
	GlobalSection(ExtensibilityGlobals) = postSolution
		SolutionGuid = {A6A95AC5-3FBF-4B10-9824-FDE04FC4523E}
	EndGlobalSection
EndGlobal
