
Microsoft Visual Studio Solution File, Format Version 12.00
# Visual Studio Version 17
VisualStudioVersion = 17.14.36429.23 d17.14
MinimumVisualStudioVersion = 10.0.40219.1
Project("{FAE04EC0-301F-11D3-BF4B-00C04F79EFBC}") = "lr8_4", "lr8_4\lr8_4.csproj", "{D1643219-F571-42FC-BF8B-7350B473C19F}"
EndProject
Global
	GlobalSection(SolutionConfigurationPlatforms) = preSolution
		Debug|Any CPU = Debug|Any CPU
		Release|Any CPU = Release|Any CPU
	EndGlobalSection
	GlobalSection(ProjectConfigurationPlatforms) = postSolution
		{D1643219-F571-42FC-BF8B-7350B473C19F}.Debug|Any CPU.ActiveCfg = Debug|Any CPU
		{D1643219-F571-42FC-BF8B-7350B473C19F}.Debug|Any CPU.Build.0 = Debug|Any CPU
		{D1643219-F571-42FC-BF8B-7350B473C19F}.Release|Any CPU.ActiveCfg = Release|Any CPU
		{D1643219-F571-42FC-BF8B-7350B473C19F}.Release|Any CPU.Build.0 = Release|Any CPU
	EndGlobalSection
	GlobalSection(SolutionProperties) = preSolution
		HideSolutionNode = FALSE
	EndGlobalSection
	GlobalSection(ExtensibilityGlobals) = postSolution
		SolutionGuid = {E94F001B-6BB1-4B0F-AED8-3B766D890DDA}
	EndGlobalSection
EndGlobal
