
Microsoft Visual Studio Solution File, Format Version 12.00
# Visual Studio Version 17
VisualStudioVersion = 17.14.36429.23 d17.14
MinimumVisualStudioVersion = 10.0.40219.1
Project("{FAE04EC0-301F-11D3-BF4B-00C04F79EFBC}") = "lr8_1", "lr8_1\lr8_1.csproj", "{C4CFEFED-F9AC-4E2A-A506-71E64E7A5A41}"
EndProject
Global
	GlobalSection(SolutionConfigurationPlatforms) = preSolution
		Debug|Any CPU = Debug|Any CPU
		Release|Any CPU = Release|Any CPU
	EndGlobalSection
	GlobalSection(ProjectConfigurationPlatforms) = postSolution
		{C4CFEFED-F9AC-4E2A-A506-71E64E7A5A41}.Debug|Any CPU.ActiveCfg = Debug|Any CPU
		{C4CFEFED-F9AC-4E2A-A506-71E64E7A5A41}.Debug|Any CPU.Build.0 = Debug|Any CPU
		{C4CFEFED-F9AC-4E2A-A506-71E64E7A5A41}.Release|Any CPU.ActiveCfg = Release|Any CPU
		{C4CFEFED-F9AC-4E2A-A506-71E64E7A5A41}.Release|Any CPU.Build.0 = Release|Any CPU
	EndGlobalSection
	GlobalSection(SolutionProperties) = preSolution
		HideSolutionNode = FALSE
	EndGlobalSection
	GlobalSection(ExtensibilityGlobals) = postSolution
		SolutionGuid = {F0585CBD-BBE0-46CA-B151-57BE5E9B00D8}
	EndGlobalSection
EndGlobal
